{
  "name": "teatrees",
  "lockfileVersion": 3,
  "requires": true,
  "packages": {
    "": {
      "dependencies": {
        "calcxtea": "^1.0.1",
        "chalk": "^5.3.0",
        "chalkpasstea": "^1.0.0",
        "henlo-tea": "^1.0.3",
        "jumlah-tiga-angka": "^1.0.0",
        "metafi-data": "^1.0.1",
        "ossteax": "^1.0.1",
        "rolluptea": "^1.0.1",
        "stakefy": "^1.0.1",
        "teafix": "^1.0.1",
        "teavers": "^1.0.1",
        "yoloxtea": "^1.0.4"
      }
    },
    "node_modules/ansi-regex": {
      "version": "4.1.1",
      "resolved": "https://registry.npmjs.org/ansi-regex/-/ansi-regex-4.1.1.tgz",
      "integrity": "sha512-ILlv4k/3f6vfQ4OoP2AGvirOktlQ98ZEL1k9FaQjxa3L1abBgbuTDAdPOpvbGncC0BTVQrl+OM8xZGK6tWXt7g==",
      "engines": {
        "node": ">=6"
      }
    },
    "node_modules/calcxtea": {
      "version": "1.0.1",
      "resolved": "https://registry.npmjs.org/calcxtea/-/calcxtea-1.0.1.tgz",
      "integrity": "sha512-qN8hja4oAG1RiWObFhlQpVlG8m3F0Xh2EqowrlpbP8xJsmdLu7iG9EfP5x66KiN6r6aSeNMBntUTITngqaWS9Q==",
      "dependencies": {
        "colors": "^1.4.0",
        "henlo-tea": "^1.0.3",
        "prompt-sync": "^4.2.0"
      }
    },
    "node_modules/chalk": {
      "version": "5.3.0",
      "resolved": "https://registry.npmjs.org/chalk/-/chalk-5.3.0.tgz",
      "integrity": "sha512-dLitG79d+GV1Nb/VYcCDFivJeK1hiukt9QjRNVOsUtTy1rR1YJsmpGGTZ3qJos+uw7WmWF4wUwBd9jxjocFC2w==",
      "engines": {
        "node": "^12.17.0 || ^14.13 || >=16.0.0"
      },
      "funding": {
        "url": "https://github.com/chalk/chalk?sponsor=1"
      }
    },
    "node_modules/chalkpasstea": {
      "version": "1.0.0",
      "resolved": "https://registry.npmjs.org/chalkpasstea/-/chalkpasstea-1.0.0.tgz",
      "integrity": "sha512-S+836noQguBHoyN4ejJMJVXlQqliILBzC7QNXlns5zjqzIWwoEPB/6+iT4400TycQ+2ru7nlAToIRuK2gUSTAA==",
      "dependencies": {
        "chalk": "^5.3.0",
        "henlo-tea": "^1.0.3"
      }
    },
    "node_modules/colors": {
      "version": "1.4.0",
      "resolved": "https://registry.npmjs.org/colors/-/colors-1.4.0.tgz",
      "integrity": "sha512-a+UqTh4kgZg/SlGvfbzDHpgRu7AAQOmmqRHJnxhRZICKFUT91brVhNNt58CMWU9PsBbv3PDCZUHbVxuDiH2mtA==",
      "engines": {
        "node": ">=0.1.90"
      }
    },
    "node_modules/emoji-random": {
      "version": "0.1.2",
      "resolved": "https://registry.npmjs.org/emoji-random/-/emoji-random-0.1.2.tgz",
      "integrity": "sha512-sE3oDr6dmZZ/4L3egF3SZbZE0jec0TJyEfRPsTHkcyjfcvx9EDE0xPmw49Snn9gUC71zpFpbhmN78avErOJzcQ==",
      "bin": {
        "emoji-random": "bin/emoji-random.js"
      },
      "engines": {
        "node": "*",
        "npm": "1.2.x"
      }
    },
    "node_modules/emoji-random-list": {
      "version": "1.1.3",
      "resolved": "https://registry.npmjs.org/emoji-random-list/-/emoji-random-list-1.1.3.tgz",
      "integrity": "sha512-KUhniFC6qVxVbTHMNQl4bvgZ3Kc6cfMoahEPzH7I7KDfshMTF98yHib0tdC4XUh+BXd2k5cpkHxGvWZ/xX5ydQ=="
    },
    "node_modules/henlo-tea": {
      "version": "1.0.3",
      "resolved": "https://registry.npmjs.org/henlo-tea/-/henlo-tea-1.0.3.tgz",
      "integrity": "sha512-foAhH8GaISECdVaWbs6nu4eMpNaVapgm5hgtP20kbpgRo7ZNc+MjR3mKR5B4I8tLeWWhz87YSPlyT1Fm1tDseg==",
      "dependencies": {
        "chalk": "^5.3.0",
        "emoji-random-list": "^1.1.3"
      }
    },
    "node_modules/jumlah-tiga-angka": {
      "version": "1.0.0",
      "resolved": "https://registry.npmjs.org/jumlah-tiga-angka/-/jumlah-tiga-angka-1.0.0.tgz",
      "integrity": "sha512-KKKK9IY/FuXR7n3HaQyNeDXXCkV6PqoCsZxy9IVe7dKyYvKd1JZKenHNIlvJBJzsKTTiCpTcRvrD/vSCsNO4Qg==",
      "dependencies": {
        "colors": "^1.4.0",
        "prompt-sync": "^4.2.0"
      }
    },
    "node_modules/metafi-data": {
      "version": "1.0.1",
      "resolved": "https://registry.npmjs.org/metafi-data/-/metafi-data-1.0.1.tgz",
      "integrity": "sha512-zf0gAFap828aPcnngxLhieG170giPsdglprle8ZlNZ7Y25xK/m+1BSce+wkYyjrYDuQumo47kF59aBKQxfHdWg==",
      "dependencies": {
        "chalk": "^5.3.0",
        "henlo-tea": "^1.0.3"
      }
    },
    "node_modules/ossteax": {
      "version": "1.0.1",
      "resolved": "https://registry.npmjs.org/ossteax/-/ossteax-1.0.1.tgz",
      "integrity": "sha512-4dx34HwylV5IaT6yX+LCU4zDYpKrtBv/+31F3MvTVOdgGgk5En6c0Yj1A0SR0RHkyrypNRfDRT7gE1PLOR5pOg==",
      "dependencies": {
        "chalk": "^5.3.0"
      }
    },
    "node_modules/prompt-sync": {
      "version": "4.2.0",
      "resolved": "https://registry.npmjs.org/prompt-sync/-/prompt-sync-4.2.0.tgz",
      "integrity": "sha512-BuEzzc5zptP5LsgV5MZETjDaKSWfchl5U9Luiu8SKp7iZWD5tZalOxvNcZRwv+d2phNFr8xlbxmFNcRKfJOzJw==",
      "dependencies": {
        "strip-ansi": "^5.0.0"
      }
    },
    "node_modules/rolluptea": {
      "version": "1.0.1",
      "resolved": "https://registry.npmjs.org/rolluptea/-/rolluptea-1.0.1.tgz",
      "integrity": "sha512-klm96i5y2DfAS8YHS8egIXbktEQTdM+eQuieJeCWRJXsyNbfV2M86R8GpwDTUkchqHwv7GTaBs8fYyRui8Ykrg==",
      "dependencies": {
        "chalk": "^5.3.0",
        "yoloxtea": "^1.0.1"
      }
    },
    "node_modules/stakefy": {
      "version": "1.0.1",
      "resolved": "https://registry.npmjs.org/stakefy/-/stakefy-1.0.1.tgz",
      "integrity": "sha512-P3x/z3G3QA8bniRRbRaWSg6pLzBXp0dKdw5C6DQaCyqLMx1Etn9DQEWKC9EjRvgjMl72KWGXpRMXyRXypqRFMQ==",
      "dependencies": {
        "chalk": "^5.3.0",
        "henlo-tea": "^1.0.3"
      }
    },
    "node_modules/strip-ansi": {
      "version": "5.2.0",
      "resolved": "https://registry.npmjs.org/strip-ansi/-/strip-ansi-5.2.0.tgz",
      "integrity": "sha512-DuRs1gKbBqsMKIZlrffwlug8MHkcnpjs5VPmL1PAh+mA30U0DTotfDZ0d2UUsXpPmPmMMJ6W773MaA3J+lbiWA==",
      "dependencies": {
        "ansi-regex": "^4.1.0"
      },
      "engines": {
        "node": ">=6"
      }
    },
    "node_modules/sum-three-number": {
      "version": "1.1.3",
      "resolved": "https://registry.npmjs.org/sum-three-number/-/sum-three-number-1.1.3.tgz",
      "integrity": "sha512-TJy8OwirQiaL27wcyznvtbg5LXGsdyW242gAxqzqpiDKHYHnuiOgqscb8AuzQtt/JbBx9v+ngXABckWtJ7JRng==",
      "dependencies": {
        "colors": "^1.4.0",
        "prompt-sync": "^4.2.0"
      }
    },
    "node_modules/teafix": {
      "version": "1.0.1",
      "resolved": "https://registry.npmjs.org/teafix/-/teafix-1.0.1.tgz",
      "integrity": "sha512-aaqz80vT3D6kQhkSxroCCkEzmzGBFYB1BRWobAiYaOdZFMiV8yak2kB/VGir5xWLxLqZ/STjUvC9/lUByTsr/A==",
      "dependencies": {
        "chalk": "^5.3.0"
      }
    },
    "node_modules/teavers": {
      "version": "1.0.1",
      "resolved": "https://registry.npmjs.org/teavers/-/teavers-1.0.1.tgz",
      "integrity": "sha512-4jZihlDOGYLCvwIq9K3W/vs0v4xjAHqQnwllZEufNP4b6jXkd8SqNzC4lnZM8Pn0zdjo8U2LQmC1M/B58sJSPg==",
      "dependencies": {
        "chalk": "^5.3.0"
      }
    },
    "node_modules/yoloxtea": {
      "version": "1.0.4",
      "resolved": "https://registry.npmjs.org/yoloxtea/-/yoloxtea-1.0.4.tgz",
      "integrity": "sha512-5MaPWSp7y9v+5+9tcf7QLuPWATzkeGl1gJYbmUYwzgoAG8MG3/iw6pjDKY6CgyhPOfuU5FrAVyEaySozIvTf9g==",
      "dependencies": {
        "chalk": "^5.3.0",
        "emoji-random": "^0.1.2",
        "emoji-random-list": "^1.1.3",
        "henlo-tea": "^1.0.3",
        "sum-three-number": "^1.1.2"
      }
    }
  }
}
